
Microsoft Visual Studio Solution File, Format Version 11.00
# Visual Studio 2010
Project("{FAE04EC0-301F-11D3-BF4B-00C04F79EFBC}") = "Assembly-CSharp", "Assembly-CSharp.csproj", "{cb482020-5451-f6c6-76a4-3c9ebf39e34e}"
EndProject
Project("{FAE04EC0-301F-11D3-BF4B-00C04F79EFBC}") = "Assembly-CSharp-firstpass", "Assembly-CSharp-firstpass.csproj", "{a91a8077-ac31-5f8f-8bd7-4005d50f0058}"
EndProject
Project("{FAE04EC0-301F-11D3-BF4B-00C04F79EFBC}") = "Assembly-CSharp-Editor-firstpass", "Assembly-CSharp-Editor-firstpass.csproj", "{12be09cc-f8f2-f6b9-352d-2bf2fadc0f92}"
EndProject
Global
	GlobalSection(SolutionConfigurationPlatforms) = preSolution
		Debug|Any CPU = Debug|Any CPU
	EndGlobalSection
	GlobalSection(ProjectConfigurationPlatforms) = postSolution
		{cb482020-5451-f6c6-76a4-3c9ebf39e34e}.Debug|Any CPU.ActiveCfg = Debug|Any CPU
		{cb482020-5451-f6c6-76a4-3c9ebf39e34e}.Debug|Any CPU.Build.0 = Debug|Any CPU
		{a91a8077-ac31-5f8f-8bd7-4005d50f0058}.Debug|Any CPU.ActiveCfg = Debug|Any CPU
		{a91a8077-ac31-5f8f-8bd7-4005d50f0058}.Debug|Any CPU.Build.0 = Debug|Any CPU
		{12be09cc-f8f2-f6b9-352d-2bf2fadc0f92}.Debug|Any CPU.ActiveCfg = Debug|Any CPU
		{12be09cc-f8f2-f6b9-352d-2bf2fadc0f92}.Debug|Any CPU.Build.0 = Debug|Any CPU
	EndGlobalSection
	GlobalSection(SolutionProperties) = preSolution
		HideSolutionNode = FALSE
	EndGlobalSection
EndGlobal
